
Microsoft Visual Studio Solution File, Format Version 12.00
# Visual Studio 2012
Project("{2150E333-8FDC-42A3-9474-1A3956D46DE8}") = "Solution Items", "Solution Items", "{599FF4D8-F69B-4D63-982C-BFD3FEFF347B}"
EndProject
Project("{2150E333-8FDC-42A3-9474-1A3956D46DE8}") = "ElasticSearch", "ElasticSearch", "{5F838F70-3D22-438B-B937-3D6E88C8DE35}"
	ProjectSection(SolutionItems) = preProject
		ES_ConfigMap.yaml = ES_ConfigMap.yaml
		ES_PersistentVolumeClaim.yaml = ES_PersistentVolumeClaim.yaml
		ES_Service.yaml = ES_Service.yaml
		ES_StatefulSet.yaml = ES_StatefulSet.yaml
	EndProjectSection
EndProject
Project("{2150E333-8FDC-42A3-9474-1A3956D46DE8}") = "Kibana", "Kibana", "{5EAEE26B-ED40-4556-B9C1-085864535DFC}"
	ProjectSection(SolutionItems) = preProject
		Kibana_ConfigMap.yaml = Kibana_ConfigMap.yaml
		Kibana_Deployment.yaml = Kibana_Deployment.yaml
		Kibana_Service.yaml = Kibana_Service.yaml
	EndProjectSection
EndProject
Project("{2150E333-8FDC-42A3-9474-1A3956D46DE8}") = "Logstash", "Logstash", "{196B6317-B762-4D69-A885-AC8EE76C1B69}"
	ProjectSection(SolutionItems) = preProject
		Logstash_Deployment.yaml = Logstash_Deployment.yaml
		Logstash_Service.yaml = Logstash_Service.yaml
		Logstash_ConfigMap.yaml = Logstash_ConfigMap.yaml
	EndProjectSection
EndProject
Project("{FAE04EC0-301F-11D3-BF4B-00C04F79EFBC}") = "AzureEventHubSample", "ELKSamples\AzureEventHubSample\AzureEventHubSample.csproj", "{FDAD8723-DD8E-4292-9A68-02098BAF0A33}"
EndProject
Global
	GlobalSection(SolutionConfigurationPlatforms) = preSolution
		Debug|Any CPU = Debug|Any CPU
		Release|Any CPU = Release|Any CPU
	EndGlobalSection
	GlobalSection(ProjectConfigurationPlatforms) = postSolution
		{FDAD8723-DD8E-4292-9A68-02098BAF0A33}.Debug|Any CPU.ActiveCfg = Debug|Any CPU
		{FDAD8723-DD8E-4292-9A68-02098BAF0A33}.Debug|Any CPU.Build.0 = Debug|Any CPU
		{FDAD8723-DD8E-4292-9A68-02098BAF0A33}.Release|Any CPU.ActiveCfg = Release|Any CPU
		{FDAD8723-DD8E-4292-9A68-02098BAF0A33}.Release|Any CPU.Build.0 = Release|Any CPU
	EndGlobalSection
	GlobalSection(NestedProjects) = preSolution
		{5F838F70-3D22-438B-B937-3D6E88C8DE35} = {599FF4D8-F69B-4D63-982C-BFD3FEFF347B}
		{5EAEE26B-ED40-4556-B9C1-085864535DFC} = {599FF4D8-F69B-4D63-982C-BFD3FEFF347B}
		{196B6317-B762-4D69-A885-AC8EE76C1B69} = {599FF4D8-F69B-4D63-982C-BFD3FEFF347B}
	EndGlobalSection
EndGlobal
